
Microsoft Visual Studio Solution File, Format Version 12.00
# Visual Studio Version 17
VisualStudioVersion = 17.6.33829.357
MinimumVisualStudioVersion = 10.0.40219.1
Project("{FAE04EC0-301F-11D3-BF4B-00C04F79EFBC}") = "PitónTranslator", "PitónTranslator.csproj", "{51882BA4-9452-46FA-A0A2-0A1BF3C61489}"
EndProject
Global
	GlobalSection(SolutionConfigurationPlatforms) = preSolution
		Debug|Any CPU = Debug|Any CPU
		Release|Any CPU = Release|Any CPU
	EndGlobalSection
	GlobalSection(ProjectConfigurationPlatforms) = postSolution
		{51882BA4-9452-46FA-A0A2-0A1BF3C61489}.Debug|Any CPU.ActiveCfg = Debug|Any CPU
		{51882BA4-9452-46FA-A0A2-0A1BF3C61489}.Debug|Any CPU.Build.0 = Debug|Any CPU
		{51882BA4-9452-46FA-A0A2-0A1BF3C61489}.Release|Any CPU.ActiveCfg = Release|Any CPU
		{51882BA4-9452-46FA-A0A2-0A1BF3C61489}.Release|Any CPU.Build.0 = Release|Any CPU
	EndGlobalSection
	GlobalSection(SolutionProperties) = preSolution
		HideSolutionNode = FALSE
	EndGlobalSection
	GlobalSection(ExtensibilityGlobals) = postSolution
		SolutionGuid = {5D2FABB4-7F22-434F-8480-36C54EA10257}
	EndGlobalSection
EndGlobal
